// !$*UTF8*$!
{
	archiveVersion = 1;
	classes = {
	};
	objectVersion = 51;
	objects = {

/* Begin PBXBuildFile section */
		8C22C2F02438FC42009C6D3E /* AppDelegate.swift in Sources */ = {isa = PBXBuildFile; fileRef = 8C22C2EF2438FC42009C6D3E /* AppDelegate.swift */; };
		8C22C2F22438FC42009C6D3E /* SceneDelegate.swift in Sources */ = {isa = PBXBuildFile; fileRef = 8C22C2F12438FC42009C6D3E /* SceneDelegate.swift */; };
		8C22C2F72438FC42009C6D3E /* Main.storyboard in Resources */ = {isa = PBXBuildFile; fileRef = 8C22C2F52438FC42009C6D3E /* Main.storyboard */; };
		8C22C2FA2438FC42009C6D3E /* StajChallange.xcdatamodeld in Sources */ = {isa = PBXBuildFile; fileRef = 8C22C2F82438FC42009C6D3E /* StajChallange.xcdatamodeld */; };
		8C22C2FC2438FC44009C6D3E /* Assets.xcassets in Resources */ = {isa = PBXBuildFile; fileRef = 8C22C2FB2438FC44009C6D3E /* Assets.xcassets */; };
		8C22C2FF2438FC44009C6D3E /* LaunchScreen.storyboard in Resources */ = {isa = PBXBuildFile; fileRef = 8C22C2FD2438FC44009C6D3E /* LaunchScreen.storyboard */; };
		8C22C30E2438FD66009C6D3E /* BaseViewModel.swift in Sources */ = {isa = PBXBuildFile; fileRef = 8C22C30D2438FD66009C6D3E /* BaseViewModel.swift */; };
		8C22C3112438FDDC009C6D3E /* URLRequestExtension.swift in Sources */ = {isa = PBXBuildFile; fileRef = 8C22C3102438FDDC009C6D3E /* URLRequestExtension.swift */; };
		8C22C3132438FE19009C6D3E /* DecodableExtension.swift in Sources */ = {isa = PBXBuildFile; fileRef = 8C22C3122438FE19009C6D3E /* DecodableExtension.swift */; };
		8C22C3152438FE3D009C6D3E /* NetworkManager.swift in Sources */ = {isa = PBXBuildFile; fileRef = 8C22C3142438FE3D009C6D3E /* NetworkManager.swift */; };
		8C22C3182438FE81009C6D3E /* Coin.swift in Sources */ = {isa = PBXBuildFile; fileRef = 8C22C3172438FE81009C6D3E /* Coin.swift */; };
		8C22C31A24390007009C6D3E /* CoinViewModel.swift in Sources */ = {isa = PBXBuildFile; fileRef = 8C22C31924390007009C6D3E /* CoinViewModel.swift */; };
		8C22C31C24390295009C6D3E /* UIColorExtension.swift in Sources */ = {isa = PBXBuildFile; fileRef = 8C22C31B24390295009C6D3E /* UIColorExtension.swift */; };
		8C22C31E24390439009C6D3E /* FirstViewController.swift in Sources */ = {isa = PBXBuildFile; fileRef = 8C22C31D24390439009C6D3E /* FirstViewController.swift */; };
		8C22C32224393286009C6D3E /* SpinnerExtension.swift in Sources */ = {isa = PBXBuildFile; fileRef = 8C22C32124393286009C6D3E /* SpinnerExtension.swift */; };
		8C22C390243A155E009C6D3E /* DetailViewController.swift in Sources */ = {isa = PBXBuildFile; fileRef = 8C22C38F243A155E009C6D3E /* DetailViewController.swift */; };
		8C22C392243A1F45009C6D3E /* EditStringExtension.swift in Sources */ = {isa = PBXBuildFile; fileRef = 8C22C391243A1F45009C6D3E /* EditStringExtension.swift */; };
		8C22C394243A2B9F009C6D3E /* UIImageExtension.swift in Sources */ = {isa = PBXBuildFile; fileRef = 8C22C393243A2B9F009C6D3E /* UIImageExtension.swift */; };
		8C22C3D7243B542C009C6D3E /* CustomTableViewCell.swift in Sources */ = {isa = PBXBuildFile; fileRef = 8C22C3D5243B542C009C6D3E /* CustomTableViewCell.swift */; };
		8C22C3D8243B542C009C6D3E /* CustomTableViewCell.xib in Resources */ = {isa = PBXBuildFile; fileRef = 8C22C3D6243B542C009C6D3E /* CustomTableViewCell.xib */; };
		8C22C40D243B6C72009C6D3E /* Stellar.svg in Resources */ = {isa = PBXBuildFile; fileRef = 8C22C3DB243B6C68009C6D3E /* Stellar.svg */; };
		8C22C40E243B6C72009C6D3E /* Bitcoin.svg in Resources */ = {isa = PBXBuildFile; fileRef = 8C22C3DC243B6C68009C6D3E /* Bitcoin.svg */; };
		8C22C40F243B6C72009C6D3E /* TRON.svg in Resources */ = {isa = PBXBuildFile; fileRef = 8C22C3DD243B6C68009C6D3E /* TRON.svg */; };
		8C22C410243B6C72009C6D3E /* QTUM.svg in Resources */ = {isa = PBXBuildFile; fileRef = 8C22C3DE243B6C69009C6D3E /* QTUM.svg */; };
		8C22C411243B6C72009C6D3E /* Cosmos.svg in Resources */ = {isa = PBXBuildFile; fileRef = 8C22C3DF243B6C69009C6D3E /* Cosmos.svg */; };
		8C22C412243B6C72009C6D3E /* Augur.svg in Resources */ = {isa = PBXBuildFile; fileRef = 8C22C3E0243B6C69009C6D3E /* Augur.svg */; };
		8C22C413243B6C72009C6D3E /* Paxos Standard.svg in Resources */ = {isa = PBXBuildFile; fileRef = 8C22C3E1243B6C69009C6D3E /* Paxos Standard.svg */; };
		8C22C414243B6C72009C6D3E /* FTX Token.svg in Resources */ = {isa = PBXBuildFile; fileRef = 8C22C3E2243B6C69009C6D3E /* FTX Token.svg */; };
		8C22C415243B6C72009C6D3E /* Chainlink.svg in Resources */ = {isa = PBXBuildFile; fileRef = 8C22C3E3243B6C6A009C6D3E /* Chainlink.svg */; };
		8C22C416243B6C72009C6D3E /* ZB Token.svg in Resources */ = {isa = PBXBuildFile; fileRef = 8C22C3E4243B6C6A009C6D3E /* ZB Token.svg */; };
		8C22C417243B6C72009C6D3E /* Bitcoin Cash.svg in Resources */ = {isa = PBXBuildFile; fileRef = 8C22C3E5243B6C6A009C6D3E /* Bitcoin Cash.svg */; };
		8C22C418243B6C72009C6D3E /* Lisk.svg in Resources */ = {isa = PBXBuildFile; fileRef = 8C22C3E6243B6C6A009C6D3E /* Lisk.svg */; };
		8C22C419243B6C72009C6D3E /* Tezos.svg in Resources */ = {isa = PBXBuildFile; fileRef = 8C22C3E7243B6C6A009C6D3E /* Tezos.svg */; };
		8C22C41A243B6C72009C6D3E /* Ethereum Classic.svg in Resources */ = {isa = PBXBuildFile; fileRef = 8C22C3E8243B6C6A009C6D3E /* Ethereum Classic.svg */; };
		8C22C41B243B6C72009C6D3E /* NEM.svg in Resources */ = {isa = PBXBuildFile; fileRef = 8C22C3E9243B6C6A009C6D3E /* NEM.svg */; };
		8C22C41C243B6C72009C6D3E /* USDC.svg in Resources */ = {isa = PBXBuildFile; fileRef = 8C22C3EA243B6C6B009C6D3E /* USDC.svg */; };
		8C22C41D243B6C72009C6D3E /* 0x.svg in Resources */ = {isa = PBXBuildFile; fileRef = 8C22C3EB243B6C6B009C6D3E /* 0x.svg */; };
		8C22C41E243B6C72009C6D3E /* Zcash.svg in Resources */ = {isa = PBXBuildFile; fileRef = 8C22C3EC243B6C6B009C6D3E /* Zcash.svg */; };
		8C22C41F243B6C72009C6D3E /* OKB.svg in Resources */ = {isa = PBXBuildFile; fileRef = 8C22C3ED243B6C6B009C6D3E /* OKB.svg */; };
		8C22C420243B6C72009C6D3E /* Tether.svg in Resources */ = {isa = PBXBuildFile; fileRef = 8C22C3EE243B6C6B009C6D3E /* Tether.svg */; };
		8C22C421243B6C72009C6D3E /* VeChain.svg in Resources */ = {isa = PBXBuildFile; fileRef = 8C22C3EF243B6C6B009C6D3E /* VeChain.svg */; };
		8C22C422243B6C72009C6D3E /* Binance Coin.svg in Resources */ = {isa = PBXBuildFile; fileRef = 8C22C3F0243B6C6C009C6D3E /* Binance Coin.svg */; };
		8C22C423243B6C72009C6D3E /* Basic Attention Token.svg in Resources */ = {isa = PBXBuildFile; fileRef = 8C22C3F1243B6C6C009C6D3E /* Basic Attention Token.svg */; };
		8C22C424243B6C72009C6D3E /* Bitcoin SV.svg in Resources */ = {isa = PBXBuildFile; fileRef = 8C22C3F2243B6C6C009C6D3E /* Bitcoin SV.svg */; };
		8C22C425243B6C72009C6D3E /* Orchid Protocol.svg in Resources */ = {isa = PBXBuildFile; fileRef = 8C22C3F3243B6C6C009C6D3E /* Orchid Protocol.svg */; };
		8C22C426243B6C72009C6D3E /* Monero.svg in Resources */ = {isa = PBXBuildFile; fileRef = 8C22C3F4243B6C6C009C6D3E /* Monero.svg */; };
		8C22C427243B6C72009C6D3E /* LEO.svg in Resources */ = {isa = PBXBuildFile; fileRef = 8C22C3F5243B6C6C009C6D3E /* LEO.svg */; };
		8C22C428243B6C72009C6D3E /* Crypto.com Chain.svg in Resources */ = {isa = PBXBuildFile; fileRef = 8C22C3F6243B6C6D009C6D3E /* Crypto.com Chain.svg */; };
		8C22C429243B6C72009C6D3E /* Decred.svg in Resources */ = {isa = PBXBuildFile; fileRef = 8C22C3F7243B6C6D009C6D3E /* Decred.svg */; };
		8C22C42A243B6C72009C6D3E /* ICON.svg in Resources */ = {isa = PBXBuildFile; fileRef = 8C22C3F8243B6C6D009C6D3E /* ICON.svg */; };
		8C22C42B243B6C72009C6D3E /* Huobi Token.svg in Resources */ = {isa = PBXBuildFile; fileRef = 8C22C3F9243B6C6D009C6D3E /* Huobi Token.svg */; };
		8C22C42C243B6C72009C6D3E /* Insight Chain.svg in Resources */ = {isa = PBXBuildFile; fileRef = 8C22C3FA243B6C6E009C6D3E /* Insight Chain.svg */; };
		8C22C42D243B6C72009C6D3E /* Numeraire.svg in Resources */ = {isa = PBXBuildFile; fileRef = 8C22C3FB243B6C6E009C6D3E /* Numeraire.svg */; };
		8C22C42E243B6C72009C6D3E /* Algorand.svg in Resources */ = {isa = PBXBuildFile; fileRef = 8C22C3FC243B6C6E009C6D3E /* Algorand.svg */; };
		8C22C42F243B6C72009C6D3E /* Cardano.svg in Resources */ = {isa = PBXBuildFile; fileRef = 8C22C3FD243B6C6E009C6D3E /* Cardano.svg */; };
		8C22C430243B6C72009C6D3E /* NEO.svg in Resources */ = {isa = PBXBuildFile; fileRef = 8C22C3FE243B6C6F009C6D3E /* NEO.svg */; };
		8C22C431243B6C72009C6D3E /* Hedera HashGraph.svg in Resources */ = {isa = PBXBuildFile; fileRef = 8C22C3FF243B6C6F009C6D3E /* Hedera HashGraph.svg */; };
		8C22C432243B6C72009C6D3E /* Dash.svg in Resources */ = {isa = PBXBuildFile; fileRef = 8C22C400243B6C6F009C6D3E /* Dash.svg */; };
		8C22C433243B6C72009C6D3E /* EOS.svg in Resources */ = {isa = PBXBuildFile; fileRef = 8C22C401243B6C6F009C6D3E /* EOS.svg */; };
		8C22C434243B6C72009C6D3E /* Maker.svg in Resources */ = {isa = PBXBuildFile; fileRef = 8C22C402243B6C70009C6D3E /* Maker.svg */; };
		8C22C435243B6C72009C6D3E /* IOTA.svg in Resources */ = {isa = PBXBuildFile; fileRef = 8C22C403243B6C70009C6D3E /* IOTA.svg */; };
		8C22C436243B6C72009C6D3E /* Ethereum.svg in Resources */ = {isa = PBXBuildFile; fileRef = 8C22C404243B6C70009C6D3E /* Ethereum.svg */; };
		8C22C437243B6C72009C6D3E /* Cryptonex.svg in Resources */ = {isa = PBXBuildFile; fileRef = 8C22C405243B6C70009C6D3E /* Cryptonex.svg */; };
		8C22C438243B6C72009C6D3E /* Ontology.svg in Resources */ = {isa = PBXBuildFile; fileRef = 8C22C406243B6C70009C6D3E /* Ontology.svg */; };
		8C22C439243B6C72009C6D3E /* Dogecoin.svg in Resources */ = {isa = PBXBuildFile; fileRef = 8C22C407243B6C71009C6D3E /* Dogecoin.svg */; };
		8C22C43A243B6C72009C6D3E /* Gas.svg in Resources */ = {isa = PBXBuildFile; fileRef = 8C22C408243B6C71009C6D3E /* Gas.svg */; };
		8C22C43B243B6C72009C6D3E /* Litecoin.svg in Resources */ = {isa = PBXBuildFile; fileRef = 8C22C409243B6C71009C6D3E /* Litecoin.svg */; };
		8C22C43C243B6C72009C6D3E /* Bitcoin Gold.svg in Resources */ = {isa = PBXBuildFile; fileRef = 8C22C40A243B6C71009C6D3E /* Bitcoin Gold.svg */; };
		8C22C43D243B6C72009C6D3E /* TrueUSD.svg in Resources */ = {isa = PBXBuildFile; fileRef = 8C22C40B243B6C71009C6D3E /* TrueUSD.svg */; };
		8C22C43E243B6C72009C6D3E /* XRP.svg in Resources */ = {isa = PBXBuildFile; fileRef = 8C22C40C243B6C72009C6D3E /* XRP.svg */; };
		C78A9C61BEFA8DFA42EA479D /* Pods_StajChallange.framework in Frameworks */ = {isa = PBXBuildFile; fileRef = E54CC9A46E737A53E96CDBF6 /* Pods_StajChallange.framework */; };
/* End PBXBuildFile section */

/* Begin PBXFileReference section */
		2238A0B23D50C8DD6D514DC3 /* Pods-StajChallange.debug.xcconfig */ = {isa = PBXFileReference; includeInIndex = 1; lastKnownFileType = text.xcconfig; name = "Pods-StajChallange.debug.xcconfig"; path = "Target Support Files/Pods-StajChallange/Pods-StajChallange.debug.xcconfig"; sourceTree = "<group>"; };
		8C22C2EC2438FC42009C6D3E /* StajChallange.app */ = {isa = PBXFileReference; explicitFileType = wrapper.application; includeInIndex = 0; path = StajChallange.app; sourceTree = BUILT_PRODUCTS_DIR; };
		8C22C2EF2438FC42009C6D3E /* AppDelegate.swift */ = {isa = PBXFileReference; lastKnownFileType = sourcecode.swift; path = AppDelegate.swift; sourceTree = "<group>"; };
		8C22C2F12438FC42009C6D3E /* SceneDelegate.swift */ = {isa = PBXFileReference; lastKnownFileType = sourcecode.swift; path = SceneDelegate.swift; sourceTree = "<group>"; };
		8C22C2F62438FC42009C6D3E /* Base */ = {isa = PBXFileReference; lastKnownFileType = file.storyboard; name = Base; path = Base.lproj/Main.storyboard; sourceTree = "<group>"; };
		8C22C2F92438FC42009C6D3E /* StajChallange.xcdatamodel */ = {isa = PBXFileReference; lastKnownFileType = wrapper.xcdatamodel; path = StajChallange.xcdatamodel; sourceTree = "<group>"; };
		8C22C2FB2438FC44009C6D3E /* Assets.xcassets */ = {isa = PBXFileReference; lastKnownFileType = folder.assetcatalog; path = Assets.xcassets; sourceTree = "<group>"; };
		8C22C2FE2438FC44009C6D3E /* Base */ = {isa = PBXFileReference; lastKnownFileType = file.storyboard; name = Base; path = Base.lproj/LaunchScreen.storyboard; sourceTree = "<group>"; };
		8C22C3002438FC44009C6D3E /* Info.plist */ = {isa = PBXFileReference; lastKnownFileType = text.plist.xml; path = Info.plist; sourceTree = "<group>"; };
		8C22C30D2438FD66009C6D3E /* BaseViewModel.swift */ = {isa = PBXFileReference; lastKnownFileType = sourcecode.swift; path = BaseViewModel.swift; sourceTree = "<group>"; };
		8C22C3102438FDDC009C6D3E /* URLRequestExtension.swift */ = {isa = PBXFileReference; lastKnownFileType = sourcecode.swift; path = URLRequestExtension.swift; sourceTree = "<group>"; };
		8C22C3122438FE19009C6D3E /* DecodableExtension.swift */ = {isa = PBXFileReference; lastKnownFileType = sourcecode.swift; path = DecodableExtension.swift; sourceTree = "<group>"; };
		8C22C3142438FE3D009C6D3E /* NetworkManager.swift */ = {isa = PBXFileReference; lastKnownFileType = sourcecode.swift; path = NetworkManager.swift; sourceTree = "<group>"; };
		8C22C3172438FE81009C6D3E /* Coin.swift */ = {isa = PBXFileReference; lastKnownFileType = sourcecode.swift; path = Coin.swift; sourceTree = "<group>"; };
		8C22C31924390007009C6D3E /* CoinViewModel.swift */ = {isa = PBXFileReference; lastKnownFileType = sourcecode.swift; path = CoinViewModel.swift; sourceTree = "<group>"; };
		8C22C31B24390295009C6D3E /* UIColorExtension.swift */ = {isa = PBXFileReference; lastKnownFileType = sourcecode.swift; path = UIColorExtension.swift; sourceTree = "<group>"; };
		8C22C31D24390439009C6D3E /* FirstViewController.swift */ = {isa = PBXFileReference; lastKnownFileType = sourcecode.swift; path = FirstViewController.swift; sourceTree = "<group>"; };
		8C22C32124393286009C6D3E /* SpinnerExtension.swift */ = {isa = PBXFileReference; lastKnownFileType = sourcecode.swift; path = SpinnerExtension.swift; sourceTree = "<group>"; };
		8C22C38F243A155E009C6D3E /* DetailViewController.swift */ = {isa = PBXFileReference; lastKnownFileType = sourcecode.swift; path = DetailViewController.swift; sourceTree = "<group>"; };
		8C22C391243A1F45009C6D3E /* EditStringExtension.swift */ = {isa = PBXFileReference; lastKnownFileType = sourcecode.swift; path = EditStringExtension.swift; sourceTree = "<group>"; };
		8C22C393243A2B9F009C6D3E /* UIImageExtension.swift */ = {isa = PBXFileReference; lastKnownFileType = sourcecode.swift; path = UIImageExtension.swift; sourceTree = "<group>"; };
		8C22C3D5243B542C009C6D3E /* CustomTableViewCell.swift */ = {isa = PBXFileReference; lastKnownFileType = sourcecode.swift; path = CustomTableViewCell.swift; sourceTree = "<group>"; };
		8C22C3D6243B542C009C6D3E /* CustomTableViewCell.xib */ = {isa = PBXFileReference; lastKnownFileType = file.xib; path = CustomTableViewCell.xib; sourceTree = "<group>"; };
		8C22C3DB243B6C68009C6D3E /* Stellar.svg */ = {isa = PBXFileReference; fileEncoding = 4; lastKnownFileType = text; path = Stellar.svg; sourceTree = "<group>"; };
		8C22C3DC243B6C68009C6D3E /* Bitcoin.svg */ = {isa = PBXFileReference; fileEncoding = 4; lastKnownFileType = text; path = Bitcoin.svg; sourceTree = "<group>"; };
		8C22C3DD243B6C68009C6D3E /* TRON.svg */ = {isa = PBXFileReference; fileEncoding = 4; lastKnownFileType = text; path = TRON.svg; sourceTree = "<group>"; };
		8C22C3DE243B6C69009C6D3E /* QTUM.svg */ = {isa = PBXFileReference; fileEncoding = 4; lastKnownFileType = text; path = QTUM.svg; sourceTree = "<group>"; };
		8C22C3DF243B6C69009C6D3E /* Cosmos.svg */ = {isa = PBXFileReference; fileEncoding = 4; lastKnownFileType = text; path = Cosmos.svg; sourceTree = "<group>"; };
		8C22C3E0243B6C69009C6D3E /* Augur.svg */ = {isa = PBXFileReference; fileEncoding = 4; lastKnownFileType = text; path = Augur.svg; sourceTree = "<group>"; };
		8C22C3E1243B6C69009C6D3E /* Paxos Standard.svg */ = {isa = PBXFileReference; fileEncoding = 4; lastKnownFileType = text; path = "Paxos Standard.svg"; sourceTree = "<group>"; };
		8C22C3E2243B6C69009C6D3E /* FTX Token.svg */ = {isa = PBXFileReference; fileEncoding = 4; lastKnownFileType = text; path = "FTX Token.svg"; sourceTree = "<group>"; };
		8C22C3E3243B6C6A009C6D3E /* Chainlink.svg */ = {isa = PBXFileReference; fileEncoding = 4; lastKnownFileType = text; path = Chainlink.svg; sourceTree = "<group>"; };
		8C22C3E4243B6C6A009C6D3E /* ZB Token.svg */ = {isa = PBXFileReference; fileEncoding = 4; lastKnownFileType = text; path = "ZB Token.svg"; sourceTree = "<group>"; };
		8C22C3E5243B6C6A009C6D3E /* Bitcoin Cash.svg */ = {isa = PBXFileReference; fileEncoding = 4; lastKnownFileType = text; path = "Bitcoin Cash.svg"; sourceTree = "<group>"; };
		8C22C3E6243B6C6A009C6D3E /* Lisk.svg */ = {isa = PBXFileReference; fileEncoding = 4; lastKnownFileType = text; path = Lisk.svg; sourceTree = "<group>"; };
		8C22C3E7243B6C6A009C6D3E /* Tezos.svg */ = {isa = PBXFileReference; fileEncoding = 4; lastKnownFileType = text; path = Tezos.svg; sourceTree = "<group>"; };
		8C22C3E8243B6C6A009C6D3E /* Ethereum Classic.svg */ = {isa = PBXFileReference; fileEncoding = 4; lastKnownFileType = text; path = "Ethereum Classic.svg"; sourceTree = "<group>"; };
		8C22C3E9243B6C6A009C6D3E /* NEM.svg */ = {isa = PBXFileReference; fileEncoding = 4; lastKnownFileType = text; path = NEM.svg; sourceTree = "<group>"; };
		8C22C3EA243B6C6B009C6D3E /* USDC.svg */ = {isa = PBXFileReference; fileEncoding = 4; lastKnownFileType = text; path = USDC.svg; sourceTree = "<group>"; };
		8C22C3EB243B6C6B009C6D3E /* 0x.svg */ = {isa = PBXFileReference; fileEncoding = 4; lastKnownFileType = text; path = 0x.svg; sourceTree = "<group>"; };
		8C22C3EC243B6C6B009C6D3E /* Zcash.svg */ = {isa = PBXFileReference; fileEncoding = 4; lastKnownFileType = text; path = Zcash.svg; sourceTree = "<group>"; };
		8C22C3ED243B6C6B009C6D3E /* OKB.svg */ = {isa = PBXFileReference; fileEncoding = 4; lastKnownFileType = text; path = OKB.svg; sourceTree = "<group>"; };
		8C22C3EE243B6C6B009C6D3E /* Tether.svg */ = {isa = PBXFileReference; fileEncoding = 4; lastKnownFileType = text; path = Tether.svg; sourceTree = "<group>"; };
		8C22C3EF243B6C6B009C6D3E /* VeChain.svg */ = {isa = PBXFileReference; fileEncoding = 4; lastKnownFileType = text; path = VeChain.svg; sourceTree = "<group>"; };
		8C22C3F0243B6C6C009C6D3E /* Binance Coin.svg */ = {isa = PBXFileReference; fileEncoding = 4; lastKnownFileType = text; path = "Binance Coin.svg"; sourceTree = "<group>"; };
		8C22C3F1243B6C6C009C6D3E /* Basic Attention Token.svg */ = {isa = PBXFileReference; fileEncoding = 4; lastKnownFileType = text; path = "Basic Attention Token.svg"; sourceTree = "<group>"; };
		8C22C3F2243B6C6C009C6D3E /* Bitcoin SV.svg */ = {isa = PBXFileReference; fileEncoding = 4; lastKnownFileType = text; path = "Bitcoin SV.svg"; sourceTree = "<group>"; };
		8C22C3F3243B6C6C009C6D3E /* Orchid Protocol.svg */ = {isa = PBXFileReference; fileEncoding = 4; lastKnownFileType = text; path = "Orchid Protocol.svg"; sourceTree = "<group>"; };
		8C22C3F4243B6C6C009C6D3E /* Monero.svg */ = {isa = PBXFileReference; fileEncoding = 4; lastKnownFileType = text; path = Monero.svg; sourceTree = "<group>"; };
		8C22C3F5243B6C6C009C6D3E /* LEO.svg */ = {isa = PBXFileReference; fileEncoding = 4; lastKnownFileType = text; path = LEO.svg; sourceTree = "<group>"; };
		8C22C3F6243B6C6D009C6D3E /* Crypto.com Chain.svg */ = {isa = PBXFileReference; fileEncoding = 4; lastKnownFileType = text; path = "Crypto.com Chain.svg"; sourceTree = "<group>"; };
		8C22C3F7243B6C6D009C6D3E /* Decred.svg */ = {isa = PBXFileReference; fileEncoding = 4; lastKnownFileType = text; path = Decred.svg; sourceTree = "<group>"; };
		8C22C3F8243B6C6D009C6D3E /* ICON.svg */ = {isa = PBXFileReference; fileEncoding = 4; lastKnownFileType = text; path = ICON.svg; sourceTree = "<group>"; };
		8C22C3F9243B6C6D009C6D3E /* Huobi Token.svg */ = {isa = PBXFileReference; fileEncoding = 4; lastKnownFileType = text; path = "Huobi Token.svg"; sourceTree = "<group>"; };
		8C22C3FA243B6C6E009C6D3E /* Insight Chain.svg */ = {isa = PBXFileReference; fileEncoding = 4; lastKnownFileType = text; path = "Insight Chain.svg"; sourceTree = "<group>"; };
		8C22C3FB243B6C6E009C6D3E /* Numeraire.svg */ = {isa = PBXFileReference; fileEncoding = 4; lastKnownFileType = text; path = Numeraire.svg; sourceTree = "<group>"; };
		8C22C3FC243B6C6E009C6D3E /* Algorand.svg */ = {isa = PBXFileReference; fileEncoding = 4; lastKnownFileType = text; path = Algorand.svg; sourceTree = "<group>"; };
		8C22C3FD243B6C6E009C6D3E /* Cardano.svg */ = {isa = PBXFileReference; fileEncoding = 4; lastKnownFileType = text; path = Cardano.svg; sourceTree = "<group>"; };
		8C22C3FE243B6C6F009C6D3E /* NEO.svg */ = {isa = PBXFileReference; fileEncoding = 4; lastKnownFileType = text; path = NEO.svg; sourceTree = "<group>"; };
		8C22C3FF243B6C6F009C6D3E /* Hedera HashGraph.svg */ = {isa = PBXFileReference; fileEncoding = 4; lastKnownFileType = text; path = "Hedera HashGraph.svg"; sourceTree = "<group>"; };
		8C22C400243B6C6F009C6D3E /* Dash.svg */ = {isa = PBXFileReference; fileEncoding = 4; lastKnownFileType = text; path = Dash.svg; sourceTree = "<group>"; };
		8C22C401243B6C6F009C6D3E /* EOS.svg */ = {isa = PBXFileReference; fileEncoding = 4; lastKnownFileType = text; path = EOS.svg; sourceTree = "<group>"; };
		8C22C402243B6C70009C6D3E /* Maker.svg */ = {isa = PBXFileReference; fileEncoding = 4; lastKnownFileType = text; path = Maker.svg; sourceTree = "<group>"; };
		8C22C403243B6C70009C6D3E /* IOTA.svg */ = {isa = PBXFileReference; fileEncoding = 4; lastKnownFileType = text; path = IOTA.svg; sourceTree = "<group>"; };
		8C22C404243B6C70009C6D3E /* Ethereum.svg */ = {isa = PBXFileReference; fileEncoding = 4; lastKnownFileType = text; path = Ethereum.svg; sourceTree = "<group>"; };
		8C22C405243B6C70009C6D3E /* Cryptonex.svg */ = {isa = PBXFileReference; fileEncoding = 4; lastKnownFileType = text; path = Cryptonex.svg; sourceTree = "<group>"; };
		8C22C406243B6C70009C6D3E /* Ontology.svg */ = {isa = PBXFileReference; fileEncoding = 4; lastKnownFileType = text; path = Ontology.svg; sourceTree = "<group>"; };
		8C22C407243B6C71009C6D3E /* Dogecoin.svg */ = {isa = PBXFileReference; fileEncoding = 4; lastKnownFileType = text; path = Dogecoin.svg; sourceTree = "<group>"; };
		8C22C408243B6C71009C6D3E /* Gas.svg */ = {isa = PBXFileReference; fileEncoding = 4; lastKnownFileType = text; path = Gas.svg; sourceTree = "<group>"; };
		8C22C409243B6C71009C6D3E /* Litecoin.svg */ = {isa = PBXFileReference; fileEncoding = 4; lastKnownFileType = text; path = Litecoin.svg; sourceTree = "<group>"; };
		8C22C40A243B6C71009C6D3E /* Bitcoin Gold.svg */ = {isa = PBXFileReference; fileEncoding = 4; lastKnownFileType = text; path = "Bitcoin Gold.svg"; sourceTree = "<group>"; };
		8C22C40B243B6C71009C6D3E /* TrueUSD.svg */ = {isa = PBXFileReference; fileEncoding = 4; lastKnownFileType = text; path = TrueUSD.svg; sourceTree = "<group>"; };
		8C22C40C243B6C72009C6D3E /* XRP.svg */ = {isa = PBXFileReference; fileEncoding = 4; lastKnownFileType = text; path = XRP.svg; sourceTree = "<group>"; };
		B12DA508B8213994CC0C0C9E /* Pods-StajChallange.release.xcconfig */ = {isa = PBXFileReference; includeInIndex = 1; lastKnownFileType = text.xcconfig; name = "Pods-StajChallange.release.xcconfig"; path = "Target Support Files/Pods-StajChallange/Pods-StajChallange.release.xcconfig"; sourceTree = "<group>"; };
		E54CC9A46E737A53E96CDBF6 /* Pods_StajChallange.framework */ = {isa = PBXFileReference; explicitFileType = wrapper.framework; includeInIndex = 0; path = Pods_StajChallange.framework; sourceTree = BUILT_PRODUCTS_DIR; };
/* End PBXFileReference section */

/* Begin PBXFrameworksBuildPhase section */
		8C22C2E92438FC42009C6D3E /* Frameworks */ = {
			isa = PBXFrameworksBuildPhase;
			buildActionMask = 2147483647;
			files = (
				C78A9C61BEFA8DFA42EA479D /* Pods_StajChallange.framework in Frameworks */,
			);
			runOnlyForDeploymentPostprocessing = 0;
		};
/* End PBXFrameworksBuildPhase section */

/* Begin PBXGroup section */
		31A767661F1A50E33E5662EC /* Frameworks */ = {
			isa = PBXGroup;
			children = (
				E54CC9A46E737A53E96CDBF6 /* Pods_StajChallange.framework */,
			);
			name = Frameworks;
			sourceTree = "<group>";
		};
		324E4215BEC064E477BF122F /* Pods */ = {
			isa = PBXGroup;
			children = (
				2238A0B23D50C8DD6D514DC3 /* Pods-StajChallange.debug.xcconfig */,
				B12DA508B8213994CC0C0C9E /* Pods-StajChallange.release.xcconfig */,
			);
			path = Pods;
			sourceTree = "<group>";
		};
		8C22C2E32438FC42009C6D3E = {
			isa = PBXGroup;
			children = (
				8C22C2EE2438FC42009C6D3E /* StajChallange */,
				8C22C2ED2438FC42009C6D3E /* Products */,
				324E4215BEC064E477BF122F /* Pods */,
				31A767661F1A50E33E5662EC /* Frameworks */,
			);
			sourceTree = "<group>";
		};
		8C22C2ED2438FC42009C6D3E /* Products */ = {
			isa = PBXGroup;
			children = (
				8C22C2EC2438FC42009C6D3E /* StajChallange.app */,
			);
			name = Products;
			sourceTree = "<group>";
		};
		8C22C2EE2438FC42009C6D3E /* StajChallange */ = {
			isa = PBXGroup;
			children = (
				8C22C3DA243B6C2F009C6D3E /* Icons */,
				8C22C3C4243A5E0C009C6D3E /* Cells */,
				8C22C30C2438FCFB009C6D3E /* ViewModels */,
				8C22C30B2438FCEC009C6D3E /* ViewControllers */,
				8C22C30A2438FCD0009C6D3E /* Resources */,
				8C22C3092438FCC3009C6D3E /* Models */,
				8C22C3082438FCA7009C6D3E /* Managers */,
				8C22C3072438FC9A009C6D3E /* Base */,
				8C22C3062438FC53009C6D3E /* Extensions */,
				8C22C2EF2438FC42009C6D3E /* AppDelegate.swift */,
				8C22C2F12438FC42009C6D3E /* SceneDelegate.swift */,
				8C22C3002438FC44009C6D3E /* Info.plist */,
			);
			path = StajChallange;
			sourceTree = "<group>";
		};
		8C22C3062438FC53009C6D3E /* Extensions */ = {
			isa = PBXGroup;
			children = (
				8C22C3102438FDDC009C6D3E /* URLRequestExtension.swift */,
				8C22C3122438FE19009C6D3E /* DecodableExtension.swift */,
				8C22C31B24390295009C6D3E /* UIColorExtension.swift */,
				8C22C32124393286009C6D3E /* SpinnerExtension.swift */,
				8C22C391243A1F45009C6D3E /* EditStringExtension.swift */,
				8C22C393243A2B9F009C6D3E /* UIImageExtension.swift */,
			);
			path = Extensions;
			sourceTree = "<group>";
		};
		8C22C3072438FC9A009C6D3E /* Base */ = {
			isa = PBXGroup;
			children = (
				8C22C30D2438FD66009C6D3E /* BaseViewModel.swift */,
			);
			path = Base;
			sourceTree = "<group>";
		};
		8C22C3082438FCA7009C6D3E /* Managers */ = {
			isa = PBXGroup;
			children = (
				8C22C3142438FE3D009C6D3E /* NetworkManager.swift */,
			);
			path = Managers;
			sourceTree = "<group>";
		};
		8C22C3092438FCC3009C6D3E /* Models */ = {
			isa = PBXGroup;
			children = (
				8C22C3172438FE81009C6D3E /* Coin.swift */,
			);
			path = Models;
			sourceTree = "<group>";
		};
		8C22C30A2438FCD0009C6D3E /* Resources */ = {
			isa = PBXGroup;
			children = (
				8C22C2F82438FC42009C6D3E /* StajChallange.xcdatamodeld */,
				8C22C2F52438FC42009C6D3E /* Main.storyboard */,
				8C22C2FB2438FC44009C6D3E /* Assets.xcassets */,
				8C22C2FD2438FC44009C6D3E /* LaunchScreen.storyboard */,
			);
			path = Resources;
			sourceTree = "<group>";
		};
		8C22C30B2438FCEC009C6D3E /* ViewControllers */ = {
			isa = PBXGroup;
			children = (
				8C22C31D24390439009C6D3E /* FirstViewController.swift */,
				8C22C38F243A155E009C6D3E /* DetailViewController.swift */,
			);
			path = ViewControllers;
			sourceTree = "<group>";
		};
		8C22C30C2438FCFB009C6D3E /* ViewModels */ = {
			isa = PBXGroup;
			children = (
				8C22C31924390007009C6D3E /* CoinViewModel.swift */,
			);
			path = ViewModels;
			sourceTree = "<group>";
		};
		8C22C3C4243A5E0C009C6D3E /* Cells */ = {
			isa = PBXGroup;
			children = (
				8C22C3D5243B542C009C6D3E /* CustomTableViewCell.swift */,
				8C22C3D6243B542C009C6D3E /* CustomTableViewCell.xib */,
			);
			path = Cells;
			sourceTree = "<group>";
		};
		8C22C3DA243B6C2F009C6D3E /* Icons */ = {
			isa = PBXGroup;
			children = (
				8C22C3EB243B6C6B009C6D3E /* 0x.svg */,
				8C22C3FC243B6C6E009C6D3E /* Algorand.svg */,
				8C22C3E0243B6C69009C6D3E /* Augur.svg */,
				8C22C3F1243B6C6C009C6D3E /* Basic Attention Token.svg */,
				8C22C3F0243B6C6C009C6D3E /* Binance Coin.svg */,
				8C22C3E5243B6C6A009C6D3E /* Bitcoin Cash.svg */,
				8C22C40A243B6C71009C6D3E /* Bitcoin Gold.svg */,
				8C22C3F2243B6C6C009C6D3E /* Bitcoin SV.svg */,
				8C22C3DC243B6C68009C6D3E /* Bitcoin.svg */,
				8C22C3FD243B6C6E009C6D3E /* Cardano.svg */,
				8C22C3E3243B6C6A009C6D3E /* Chainlink.svg */,
				8C22C3DF243B6C69009C6D3E /* Cosmos.svg */,
				8C22C3F6243B6C6D009C6D3E /* Crypto.com Chain.svg */,
				8C22C405243B6C70009C6D3E /* Cryptonex.svg */,
				8C22C400243B6C6F009C6D3E /* Dash.svg */,
				8C22C3F7243B6C6D009C6D3E /* Decred.svg */,
				8C22C407243B6C71009C6D3E /* Dogecoin.svg */,
				8C22C401243B6C6F009C6D3E /* EOS.svg */,
				8C22C3E8243B6C6A009C6D3E /* Ethereum Classic.svg */,
				8C22C404243B6C70009C6D3E /* Ethereum.svg */,
				8C22C3E2243B6C69009C6D3E /* FTX Token.svg */,
				8C22C408243B6C71009C6D3E /* Gas.svg */,
				8C22C3FF243B6C6F009C6D3E /* Hedera HashGraph.svg */,
				8C22C3F9243B6C6D009C6D3E /* Huobi Token.svg */,
				8C22C3F8243B6C6D009C6D3E /* ICON.svg */,
				8C22C3FA243B6C6E009C6D3E /* Insight Chain.svg */,
				8C22C403243B6C70009C6D3E /* IOTA.svg */,
				8C22C3F5243B6C6C009C6D3E /* LEO.svg */,
				8C22C3E6243B6C6A009C6D3E /* Lisk.svg */,
				8C22C409243B6C71009C6D3E /* Litecoin.svg */,
				8C22C402243B6C70009C6D3E /* Maker.svg */,
				8C22C3F4243B6C6C009C6D3E /* Monero.svg */,
				8C22C3E9243B6C6A009C6D3E /* NEM.svg */,
				8C22C3FE243B6C6F009C6D3E /* NEO.svg */,
				8C22C3FB243B6C6E009C6D3E /* Numeraire.svg */,
				8C22C3ED243B6C6B009C6D3E /* OKB.svg */,
				8C22C406243B6C70009C6D3E /* Ontology.svg */,
				8C22C3F3243B6C6C009C6D3E /* Orchid Protocol.svg */,
				8C22C3E1243B6C69009C6D3E /* Paxos Standard.svg */,
				8C22C3DE243B6C69009C6D3E /* QTUM.svg */,
				8C22C3DB243B6C68009C6D3E /* Stellar.svg */,
				8C22C3EE243B6C6B009C6D3E /* Tether.svg */,
				8C22C3E7243B6C6A009C6D3E /* Tezos.svg */,
				8C22C3DD243B6C68009C6D3E /* TRON.svg */,
				8C22C40B243B6C71009C6D3E /* TrueUSD.svg */,
				8C22C3EA243B6C6B009C6D3E /* USDC.svg */,
				8C22C3EF243B6C6B009C6D3E /* VeChain.svg */,
				8C22C40C243B6C72009C6D3E /* XRP.svg */,
				8C22C3E4243B6C6A009C6D3E /* ZB Token.svg */,
				8C22C3EC243B6C6B009C6D3E /* Zcash.svg */,
			);
			path = Icons;
			sourceTree = "<group>";
		};
/* End PBXGroup section */

/* Begin PBXNativeTarget section */
		8C22C2EB2438FC42009C6D3E /* StajChallange */ = {
			isa = PBXNativeTarget;
			buildConfigurationList = 8C22C3032438FC44009C6D3E /* Build configuration list for PBXNativeTarget "StajChallange" */;
			buildPhases = (
				F3C9E4EBFE855210C7D19FF1 /* [CP] Check Pods Manifest.lock */,
				8C22C2E82438FC42009C6D3E /* Sources */,
				8C22C2E92438FC42009C6D3E /* Frameworks */,
				8C22C2EA2438FC42009C6D3E /* Resources */,
				EA18C80E6A71584FA54D42CB /* [CP] Embed Pods Frameworks */,
			);
			buildRules = (
			);
			dependencies = (
			);
			name = StajChallange;
			productName = StajChallange;
			productReference = 8C22C2EC2438FC42009C6D3E /* StajChallange.app */;
			productType = "com.apple.product-type.application";
		};
/* End PBXNativeTarget section */

/* Begin PBXProject section */
		8C22C2E42438FC42009C6D3E /* Project object */ = {
			isa = PBXProject;
			attributes = {
				LastSwiftUpdateCheck = 1110;
				LastUpgradeCheck = 1110;
				ORGANIZATIONNAME = ridvanmertoglu;
				TargetAttributes = {
					8C22C2EB2438FC42009C6D3E = {
						CreatedOnToolsVersion = 11.1;
					};
				};
			};
			buildConfigurationList = 8C22C2E72438FC42009C6D3E /* Build configuration list for PBXProject "StajChallange" */;
			compatibilityVersion = "Xcode 9.3";
			developmentRegion = en;
			hasScannedForEncodings = 0;
			knownRegions = (
				en,
				Base,
			);
			mainGroup = 8C22C2E32438FC42009C6D3E;
			productRefGroup = 8C22C2ED2438FC42009C6D3E /* Products */;
			projectDirPath = "";
			projectRoot = "";
			targets = (
				8C22C2EB2438FC42009C6D3E /* StajChallange */,
			);
		};
/* End PBXProject section */

/* Begin PBXResourcesBuildPhase section */
		8C22C2EA2438FC42009C6D3E /* Resources */ = {
			isa = PBXResourcesBuildPhase;
			buildActionMask = 2147483647;
			files = (
				8C22C43E243B6C72009C6D3E /* XRP.svg in Resources */,
				8C22C430243B6C72009C6D3E /* NEO.svg in Resources */,
				8C22C43B243B6C72009C6D3E /* Litecoin.svg in Resources */,
				8C22C40D243B6C72009C6D3E /* Stellar.svg in Resources */,
				8C22C426243B6C72009C6D3E /* Monero.svg in Resources */,
				8C22C43D243B6C72009C6D3E /* TrueUSD.svg in Resources */,
				8C22C42D243B6C72009C6D3E /* Numeraire.svg in Resources */,
				8C22C2FF2438FC44009C6D3E /* LaunchScreen.storyboard in Resources */,
				8C22C43A243B6C72009C6D3E /* Gas.svg in Resources */,
				8C22C40F243B6C72009C6D3E /* TRON.svg in Resources */,
				8C22C436243B6C72009C6D3E /* Ethereum.svg in Resources */,
				8C22C433243B6C72009C6D3E /* EOS.svg in Resources */,
				8C22C432243B6C72009C6D3E /* Dash.svg in Resources */,
				8C22C416243B6C72009C6D3E /* ZB Token.svg in Resources */,
				8C22C431243B6C72009C6D3E /* Hedera HashGraph.svg in Resources */,
				8C22C2FC2438FC44009C6D3E /* Assets.xcassets in Resources */,
				8C22C439243B6C72009C6D3E /* Dogecoin.svg in Resources */,
				8C22C421243B6C72009C6D3E /* VeChain.svg in Resources */,
				8C22C428243B6C72009C6D3E /* Crypto.com Chain.svg in Resources */,
				8C22C412243B6C72009C6D3E /* Augur.svg in Resources */,
				8C22C438243B6C72009C6D3E /* Ontology.svg in Resources */,
				8C22C2F72438FC42009C6D3E /* Main.storyboard in Resources */,
				8C22C41C243B6C72009C6D3E /* USDC.svg in Resources */,
				8C22C42C243B6C72009C6D3E /* Insight Chain.svg in Resources */,
				8C22C418243B6C72009C6D3E /* Lisk.svg in Resources */,
				8C22C42B243B6C72009C6D3E /* Huobi Token.svg in Resources */,
				8C22C41D243B6C72009C6D3E /* 0x.svg in Resources */,
				8C22C411243B6C72009C6D3E /* Cosmos.svg in Resources */,
				8C22C419243B6C72009C6D3E /* Tezos.svg in Resources */,
				8C22C417243B6C72009C6D3E /* Bitcoin Cash.svg in Resources */,
				8C22C437243B6C72009C6D3E /* Cryptonex.svg in Resources */,
				8C22C42A243B6C72009C6D3E /* ICON.svg in Resources */,
				8C22C429243B6C72009C6D3E /* Decred.svg in Resources */,
				8C22C410243B6C72009C6D3E /* QTUM.svg in Resources */,
				8C22C427243B6C72009C6D3E /* LEO.svg in Resources */,
				8C22C41A243B6C72009C6D3E /* Ethereum Classic.svg in Resources */,
				8C22C3D8243B542C009C6D3E /* CustomTableViewCell.xib in Resources */,
				8C22C422243B6C72009C6D3E /* Binance Coin.svg in Resources */,
				8C22C420243B6C72009C6D3E /* Tether.svg in Resources */,
				8C22C415243B6C72009C6D3E /* Chainlink.svg in Resources */,
				8C22C43C243B6C72009C6D3E /* Bitcoin Gold.svg in Resources */,
				8C22C435243B6C72009C6D3E /* IOTA.svg in Resources */,
				8C22C424243B6C72009C6D3E /* Bitcoin SV.svg in Resources */,
				8C22C41E243B6C72009C6D3E /* Zcash.svg in Resources */,
				8C22C41F243B6C72009C6D3E /* OKB.svg in Resources */,
				8C22C42E243B6C72009C6D3E /* Algorand.svg in Resources */,
				8C22C413243B6C72009C6D3E /* Paxos Standard.svg in Resources */,
				8C22C423243B6C72009C6D3E /* Basic Attention Token.svg in Resources */,
				8C22C425243B6C72009C6D3E /* Orchid Protocol.svg in Resources */,
				8C22C41B243B6C72009C6D3E /* NEM.svg in Resources */,
				8C22C434243B6C72009C6D3E /* Maker.svg in Resources */,
				8C22C42F243B6C72009C6D3E /* Cardano.svg in Resources */,
				8C22C40E243B6C72009C6D3E /* Bitcoin.svg in Resources */,
				8C22C414243B6C72009C6D3E /* FTX Token.svg in Resources */,
			);
			runOnlyForDeploymentPostprocessing = 0;
		};
/* End PBXResourcesBuildPhase section */

/* Begin PBXShellScriptBuildPhase section */
		EA18C80E6A71584FA54D42CB /* [CP] Embed Pods Frameworks */ = {
			isa = PBXShellScriptBuildPhase;
			buildActionMask = 2147483647;
			files = (
			);
			inputFileListPaths = (
				"${PODS_ROOT}/Target Support Files/Pods-StajChallange/Pods-StajChallange-frameworks-${CONFIGURATION}-input-files.xcfilelist",
			);
			name = "[CP] Embed Pods Frameworks";
			outputFileListPaths = (
				"${PODS_ROOT}/Target Support Files/Pods-StajChallange/Pods-StajChallange-frameworks-${CONFIGURATION}-output-files.xcfilelist",
			);
			runOnlyForDeploymentPostprocessing = 0;
			shellPath = /bin/sh;
			shellScript = "\"${PODS_ROOT}/Target Support Files/Pods-StajChallange/Pods-StajChallange-frameworks.sh\"\n";
			showEnvVarsInLog = 0;
		};
		F3C9E4EBFE855210C7D19FF1 /* [CP] Check Pods Manifest.lock */ = {
			isa = PBXShellScriptBuildPhase;
			buildActionMask = 2147483647;
			files = (
			);
			inputFileListPaths = (
			);
			inputPaths = (
				"${PODS_PODFILE_DIR_PATH}/Podfile.lock",
				"${PODS_ROOT}/Manifest.lock",
			);
			name = "[CP] Check Pods Manifest.lock";
			outputFileListPaths = (
			);
			outputPaths = (
				"$(DERIVED_FILE_DIR)/Pods-StajChallange-checkManifestLockResult.txt",
			);
			runOnlyForDeploymentPostprocessing = 0;
			shellPath = /bin/sh;
			shellScript = "diff \"${PODS_PODFILE_DIR_PATH}/Podfile.lock\" \"${PODS_ROOT}/Manifest.lock\" > /dev/null\nif [ $? != 0 ] ; then\n    # print error to STDERR\n    echo \"error: The sandbox is not in sync with the Podfile.lock. Run 'pod install' or update your CocoaPods installation.\" >&2\n    exit 1\nfi\n# This output is used by Xcode 'outputs' to avoid re-running this script phase.\necho \"SUCCESS\" > \"${SCRIPT_OUTPUT_FILE_0}\"\n";
			showEnvVarsInLog = 0;
		};
/* End PBXShellScriptBuildPhase section */

/* Begin PBXSourcesBuildPhase section */
		8C22C2E82438FC42009C6D3E /* Sources */ = {
			isa = PBXSourcesBuildPhase;
			buildActionMask = 2147483647;
			files = (
				8C22C3182438FE81009C6D3E /* Coin.swift in Sources */,
				8C22C30E2438FD66009C6D3E /* BaseViewModel.swift in Sources */,
				8C22C3132438FE19009C6D3E /* DecodableExtension.swift in Sources */,
				8C22C2F02438FC42009C6D3E /* AppDelegate.swift in Sources */,
				8C22C32224393286009C6D3E /* SpinnerExtension.swift in Sources */,
				8C22C31A24390007009C6D3E /* CoinViewModel.swift in Sources */,
				8C22C3152438FE3D009C6D3E /* NetworkManager.swift in Sources */,
				8C22C3112438FDDC009C6D3E /* URLRequestExtension.swift in Sources */,
				8C22C3D7243B542C009C6D3E /* CustomTableViewCell.swift in Sources */,
				8C22C392243A1F45009C6D3E /* EditStringExtension.swift in Sources */,
				8C22C31C24390295009C6D3E /* UIColorExtension.swift in Sources */,
				8C22C2F22438FC42009C6D3E /* SceneDelegate.swift in Sources */,
				8C22C2FA2438FC42009C6D3E /* StajChallange.xcdatamodeld in Sources */,
				8C22C31E24390439009C6D3E /* FirstViewController.swift in Sources */,
				8C22C390243A155E009C6D3E /* DetailViewController.swift in Sources */,
				8C22C394243A2B9F009C6D3E /* UIImageExtension.swift in Sources */,
			);
			runOnlyForDeploymentPostprocessing = 0;
		};
/* End PBXSourcesBuildPhase section */

/* Begin PBXVariantGroup section */
		8C22C2F52438FC42009C6D3E /* Main.storyboard */ = {
			isa = PBXVariantGroup;
			children = (
				8C22C2F62438FC42009C6D3E /* Base */,
			);
			name = Main.storyboard;
			sourceTree = "<group>";
		};
		8C22C2FD2438FC44009C6D3E /* LaunchScreen.storyboard */ = {
			isa = PBXVariantGroup;
			children = (
				8C22C2FE2438FC44009C6D3E /* Base */,
			);
			name = LaunchScreen.storyboard;
			sourceTree = "<group>";
		};
/* End PBXVariantGroup section */

/* Begin XCBuildConfiguration section */
		8C22C3012438FC44009C6D3E /* Debug */ = {
			isa = XCBuildConfiguration;
			buildSettings = {
				ALWAYS_SEARCH_USER_PATHS = NO;
				CLANG_ANALYZER_NONNULL = YES;
				CLANG_ANALYZER_NUMBER_OBJECT_CONVERSION = YES_AGGRESSIVE;
				CLANG_CXX_LANGUAGE_STANDARD = "gnu++14";
				CLANG_CXX_LIBRARY = "libc++";
				CLANG_ENABLE_MODULES = YES;
				CLANG_ENABLE_OBJC_ARC = YES;
				CLANG_ENABLE_OBJC_WEAK = YES;
				CLANG_WARN_BLOCK_CAPTURE_AUTORELEASING = YES;
				CLANG_WARN_BOOL_CONVERSION = YES;
				CLANG_WARN_COMMA = YES;
				CLANG_WARN_CONSTANT_CONVERSION = YES;
				CLANG_WARN_DEPRECATED_OBJC_IMPLEMENTATIONS = YES;
				CLANG_WARN_DIRECT_OBJC_ISA_USAGE = YES_ERROR;
				CLANG_WARN_DOCUMENTATION_COMMENTS = YES;
				CLANG_WARN_EMPTY_BODY = YES;
				CLANG_WARN_ENUM_CONVERSION = YES;
				CLANG_WARN_INFINITE_RECURSION = YES;
				CLANG_WARN_INT_CONVERSION = YES;
				CLANG_WARN_NON_LITERAL_NULL_CONVERSION = YES;
				CLANG_WARN_OBJC_IMPLICIT_RETAIN_SELF = YES;
				CLANG_WARN_OBJC_LITERAL_CONVERSION = YES;
				CLANG_WARN_OBJC_ROOT_CLASS = YES_ERROR;
				CLANG_WARN_RANGE_LOOP_ANALYSIS = YES;
				CLANG_WARN_STRICT_PROTOTYPES = YES;
				CLANG_WARN_SUSPICIOUS_MOVE = YES;
				CLANG_WARN_UNGUARDED_AVAILABILITY = YES_AGGRESSIVE;
				CLANG_WARN_UNREACHABLE_CODE = YES;
				CLANG_WARN__DUPLICATE_METHOD_MATCH = YES;
				COPY_PHASE_STRIP = NO;
				DEBUG_INFORMATION_FORMAT = dwarf;
				ENABLE_STRICT_OBJC_MSGSEND = YES;
				ENABLE_TESTABILITY = YES;
				GCC_C_LANGUAGE_STANDARD = gnu11;
				GCC_DYNAMIC_NO_PIC = NO;
				GCC_NO_COMMON_BLOCKS = YES;
				GCC_OPTIMIZATION_LEVEL = 0;
				GCC_PREPROCESSOR_DEFINITIONS = (
					"DEBUG=1",
					"$(inherited)",
				);
				GCC_WARN_64_TO_32_BIT_CONVERSION = YES;
				GCC_WARN_ABOUT_RETURN_TYPE = YES_ERROR;
				GCC_WARN_UNDECLARED_SELECTOR = YES;
				GCC_WARN_UNINITIALIZED_AUTOS = YES_AGGRESSIVE;
				GCC_WARN_UNUSED_FUNCTION = YES;
				GCC_WARN_UNUSED_VARIABLE = YES;
				IPHONEOS_DEPLOYMENT_TARGET = 13.1;
				MTL_ENABLE_DEBUG_INFO = INCLUDE_SOURCE;
				MTL_FAST_MATH = YES;
				ONLY_ACTIVE_ARCH = YES;
				SDKROOT = iphoneos;
				SWIFT_ACTIVE_COMPILATION_CONDITIONS = DEBUG;
				SWIFT_OPTIMIZATION_LEVEL = "-Onone";
			};
			name = Debug;
		};
		8C22C3022438FC44009C6D3E /* Release */ = {
			isa = XCBuildConfiguration;
			buildSettings = {
				ALWAYS_SEARCH_USER_PATHS = NO;
				CLANG_ANALYZER_NONNULL = YES;
				CLANG_ANALYZER_NUMBER_OBJECT_CONVERSION = YES_AGGRESSIVE;
				CLANG_CXX_LANGUAGE_STANDARD = "gnu++14";
				CLANG_CXX_LIBRARY = "libc++";
				CLANG_ENABLE_MODULES = YES;
				CLANG_ENABLE_OBJC_ARC = YES;
				CLANG_ENABLE_OBJC_WEAK = YES;
				CLANG_WARN_BLOCK_CAPTURE_AUTORELEASING = YES;
				CLANG_WARN_BOOL_CONVERSION = YES;
				CLANG_WARN_COMMA = YES;
				CLANG_WARN_CONSTANT_CONVERSION = YES;
				CLANG_WARN_DEPRECATED_OBJC_IMPLEMENTATIONS = YES;
				CLANG_WARN_DIRECT_OBJC_ISA_USAGE = YES_ERROR;
				CLANG_WARN_DOCUMENTATION_COMMENTS = YES;
				CLANG_WARN_EMPTY_BODY = YES;
				CLANG_WARN_ENUM_CONVERSION = YES;
				CLANG_WARN_INFINITE_RECURSION = YES;
				CLANG_WARN_INT_CONVERSION = YES;
				CLANG_WARN_NON_LITERAL_NULL_CONVERSION = YES;
				CLANG_WARN_OBJC_IMPLICIT_RETAIN_SELF = YES;
				CLANG_WARN_OBJC_LITERAL_CONVERSION = YES;
				CLANG_WARN_OBJC_ROOT_CLASS = YES_ERROR;
				CLANG_WARN_RANGE_LOOP_ANALYSIS = YES;
				CLANG_WARN_STRICT_PROTOTYPES = YES;
				CLANG_WARN_SUSPICIOUS_MOVE = YES;
				CLANG_WARN_UNGUARDED_AVAILABILITY = YES_AGGRESSIVE;
				CLANG_WARN_UNREACHABLE_CODE = YES;
				CLANG_WARN__DUPLICATE_METHOD_MATCH = YES;
				COPY_PHASE_STRIP = NO;
				DEBUG_INFORMATION_FORMAT = "dwarf-with-dsym";
				ENABLE_NS_ASSERTIONS = NO;
				ENABLE_STRICT_OBJC_MSGSEND = YES;
				GCC_C_LANGUAGE_STANDARD = gnu11;
				GCC_NO_COMMON_BLOCKS = YES;
				GCC_WARN_64_TO_32_BIT_CONVERSION = YES;
				GCC_WARN_ABOUT_RETURN_TYPE = YES_ERROR;
				GCC_WARN_UNDECLARED_SELECTOR = YES;
				GCC_WARN_UNINITIALIZED_AUTOS = YES_AGGRESSIVE;
				GCC_WARN_UNUSED_FUNCTION = YES;
				GCC_WARN_UNUSED_VARIABLE = YES;
				IPHONEOS_DEPLOYMENT_TARGET = 13.1;
				MTL_ENABLE_DEBUG_INFO = NO;
				MTL_FAST_MATH = YES;
				SDKROOT = iphoneos;
				SWIFT_COMPILATION_MODE = wholemodule;
				SWIFT_OPTIMIZATION_LEVEL = "-O";
				VALIDATE_PRODUCT = YES;
			};
			name = Release;
		};
		8C22C3042438FC44009C6D3E /* Debug */ = {
			isa = XCBuildConfiguration;
			baseConfigurationReference = 2238A0B23D50C8DD6D514DC3 /* Pods-StajChallange.debug.xcconfig */;
			buildSettings = {
				ASSETCATALOG_COMPILER_APPICON_NAME = AppIcon;
				CODE_SIGN_STYLE = Automatic;
				DEVELOPMENT_TEAM = 4989YHW6GW;
				INFOPLIST_FILE = StajChallange/Info.plist;
				LD_RUNPATH_SEARCH_PATHS = (
					"$(inherited)",
					"@executable_path/Frameworks",
				);
				PRODUCT_BUNDLE_IDENTIFIER = com.ridvanmertoglu.StajChallange;
				PRODUCT_NAME = "$(TARGET_NAME)";
				SWIFT_VERSION = 5.0;
				TARGETED_DEVICE_FAMILY = "1,2";
			};
			name = Debug;
		};
		8C22C3052438FC44009C6D3E /* Release */ = {
			isa = XCBuildConfiguration;
			baseConfigurationReference = B12DA508B8213994CC0C0C9E /* Pods-StajChallange.release.xcconfig */;
			buildSettings = {
				ASSETCATALOG_COMPILER_APPICON_NAME = AppIcon;
				CODE_SIGN_STYLE = Automatic;
				DEVELOPMENT_TEAM = 4989YHW6GW;
				INFOPLIST_FILE = StajChallange/Info.plist;
				LD_RUNPATH_SEARCH_PATHS = (
					"$(inherited)",
					"@executable_path/Frameworks",
				);
				PRODUCT_BUNDLE_IDENTIFIER = com.ridvanmertoglu.StajChallange;
				PRODUCT_NAME = "$(TARGET_NAME)";
				SWIFT_VERSION = 5.0;
				TARGETED_DEVICE_FAMILY = "1,2";
			};
			name = Release;
		};
/* End XCBuildConfiguration section */

/* Begin XCConfigurationList section */
		8C22C2E72438FC42009C6D3E /* Build configuration list for PBXProject "StajChallange" */ = {
			isa = XCConfigurationList;
			buildConfigurations = (
				8C22C3012438FC44009C6D3E /* Debug */,
				8C22C3022438FC44009C6D3E /* Release */,
			);
			defaultConfigurationIsVisible = 0;
			defaultConfigurationName = Release;
		};
		8C22C3032438FC44009C6D3E /* Build configuration list for PBXNativeTarget "StajChallange" */ = {
			isa = XCConfigurationList;
			buildConfigurations = (
				8C22C3042438FC44009C6D3E /* Debug */,
				8C22C3052438FC44009C6D3E /* Release */,
			);
			defaultConfigurationIsVisible = 0;
			defaultConfigurationName = Release;
		};
/* End XCConfigurationList section */

/* Begin XCVersionGroup section */
		8C22C2F82438FC42009C6D3E /* StajChallange.xcdatamodeld */ = {
			isa = XCVersionGroup;
			children = (
				8C22C2F92438FC42009C6D3E /* StajChallange.xcdatamodel */,
			);
			currentVersion = 8C22C2F92438FC42009C6D3E /* StajChallange.xcdatamodel */;
			path = StajChallange.xcdatamodeld;
			sourceTree = "<group>";
			versionGroupType = wrapper.xcdatamodel;
		};
/* End XCVersionGroup section */
	};
	rootObject = 8C22C2E42438FC42009C6D3E /* Project object */;
}
